// !$*UTF8*$!
{
	archiveVersion = 1;
	classes = {
	};
	objectVersion = 77;
	objects = {

/* Begin PBXBuildFile section */
		04147625300C869C640ADAC5 /* SnapshotSamplesTests.swift in Sources */ = {isa = PBXBuildFile; fileRef = 479E161D9E2882B60F5B2EA3 /* SnapshotSamplesTests.swift */; };
		AB10CE11F0A1B2C3D4E5F601 /* TableMarkdownTests.swift in Sources */ = {isa = PBXBuildFile; fileRef = AB10CE11F0A1B2C3D4E5F602 /* TableMarkdownTests.swift */; };
		AB10CE11F0A1B2C3D4E5F611 /* LikeStoreTests.swift in Sources */ = {isa = PBXBuildFile; fileRef = AB10CE11F0A1B2C3D4E5F612 /* LikeStoreTests.swift */; };
		C3BF9305E467C9F295C69974 /* SnapshotTesting in Frameworks */ = {isa = PBXBuildFile; productRef = 866D5741CA182CC42D365DD5 /* SnapshotTesting */; };
		C3C9FDE5254137DAB5A65AB0 /* Foundation.framework in Frameworks */ = {isa = PBXBuildFile; fileRef = 39C7AB90AF0314D69BB840C3 /* Foundation.framework */; };
		D400000000000000000000AC /* kurlWidgetExtension.appex in Embed Foundation Extensions */ = {isa = PBXBuildFile; fileRef = D400000000000000000000A1 /* kurlWidgetExtension.appex */; settings = {ATTRIBUTES = (RemoveHeadersOnCopy, ); }; };
		DEF2000000000000000000A1 /* WriteV2RoundTripTests.swift in Sources */ = {isa = PBXBuildFile; fileRef = DEF2000000000000000000A2 /* WriteV2RoundTripTests.swift */; };
		DEF2000000000000000000B1 /* WriteV2FocusEngineTests.swift in Sources */ = {isa = PBXBuildFile; fileRef = DEF2000000000000000000B2 /* WriteV2FocusEngineTests.swift */; };
		DEF2000000000000000000C1 /* InlineImageMarkdownTests.swift in Sources */ = {isa = PBXBuildFile; fileRef = DEF2000000000000000000C2 /* InlineImageMarkdownTests.swift */; };
/* End PBXBuildFile section */

/* Begin PBXContainerItemProxy section */
		C16E2BA59829912412AA4923 /* PBXContainerItemProxy */ = {
			isa = PBXContainerItemProxy;
			containerPortal = D3696C742FD48A89006D9F90 /* Project object */;
			proxyType = 1;
			remoteGlobalIDString = D3696C7B2FD48A89006D9F90;
			remoteInfo = kurl;
		};
		D400000000000000000000AA /* PBXContainerItemProxy */ = {
			isa = PBXContainerItemProxy;
			containerPortal = D3696C742FD48A89006D9F90 /* Project object */;
			proxyType = 1;
			remoteGlobalIDString = D400000000000000000000A6;
			remoteInfo = kurlWidgetExtension;
		};
		D500000000000000000000B2 /* PBXContainerItemProxy */ = {
			isa = PBXContainerItemProxy;
			containerPortal = D3696C742FD48A89006D9F90 /* Project object */;
			proxyType = 1;
			remoteGlobalIDString = D3696C7B2FD48A89006D9F90;
			remoteInfo = kurl;
		};
/* End PBXContainerItemProxy section */

/* Begin PBXCopyFilesBuildPhase section */
		D400000000000000000000AD /* Embed Foundation Extensions */ = {
			isa = PBXCopyFilesBuildPhase;
			buildActionMask = 2147483647;
			dstPath = "";
			dstSubfolderSpec = 13;
			files = (
				D400000000000000000000AC /* kurlWidgetExtension.appex in Embed Foundation Extensions */,
			);
			name = "Embed Foundation Extensions";
			runOnlyForDeploymentPostprocessing = 0;
		};
/* End PBXCopyFilesBuildPhase section */

/* Begin PBXFileReference section */
		39C7AB90AF0314D69BB840C3 /* Foundation.framework */ = {isa = PBXFileReference; lastKnownFileType = wrapper.framework; name = Foundation.framework; path = Platforms/iPhoneOS.platform/Developer/SDKs/iPhoneOS18.0.sdk/System/Library/Frameworks/Foundation.framework; sourceTree = DEVELOPER_DIR; };
		479E161D9E2882B60F5B2EA3 /* SnapshotSamplesTests.swift */ = {isa = PBXFileReference; includeInIndex = 1; lastKnownFileType = sourcecode.swift; path = SnapshotSamplesTests.swift; sourceTree = "<group>"; };
		5226FDED204BF66D262A0C1D /* kurlTests.xctest */ = {isa = PBXFileReference; explicitFileType = wrapper.cfbundle; includeInIndex = 0; path = kurlTests.xctest; sourceTree = BUILT_PRODUCTS_DIR; };
		AB10CE11F0A1B2C3D4E5F602 /* TableMarkdownTests.swift */ = {isa = PBXFileReference; includeInIndex = 1; lastKnownFileType = sourcecode.swift; path = TableMarkdownTests.swift; sourceTree = "<group>"; };
		AB10CE11F0A1B2C3D4E5F612 /* LikeStoreTests.swift */ = {isa = PBXFileReference; includeInIndex = 1; lastKnownFileType = sourcecode.swift; path = LikeStoreTests.swift; sourceTree = "<group>"; };
		D3696C7C2FD48A89006D9F90 /* kurl.app */ = {isa = PBXFileReference; explicitFileType = wrapper.application; includeInIndex = 0; path = kurl.app; sourceTree = BUILT_PRODUCTS_DIR; };
		D400000000000000000000A1 /* kurlWidgetExtension.appex */ = {isa = PBXFileReference; explicitFileType = "wrapper.app-extension"; includeInIndex = 0; path = kurlWidgetExtension.appex; sourceTree = BUILT_PRODUCTS_DIR; };
		D500000000000000000000B1 /* kurlUITests.xctest */ = {isa = PBXFileReference; explicitFileType = wrapper.cfbundle; includeInIndex = 0; path = kurlUITests.xctest; sourceTree = BUILT_PRODUCTS_DIR; };
		DEF2000000000000000000A2 /* WriteV2RoundTripTests.swift */ = {isa = PBXFileReference; includeInIndex = 1; lastKnownFileType = sourcecode.swift; path = WriteV2RoundTripTests.swift; sourceTree = "<group>"; };
		DEF2000000000000000000B2 /* WriteV2FocusEngineTests.swift */ = {isa = PBXFileReference; includeInIndex = 1; lastKnownFileType = sourcecode.swift; path = WriteV2FocusEngineTests.swift; sourceTree = "<group>"; };
		DEF2000000000000000000C2 /* InlineImageMarkdownTests.swift */ = {isa = PBXFileReference; includeInIndex = 1; lastKnownFileType = sourcecode.swift; path = InlineImageMarkdownTests.swift; sourceTree = "<group>"; };
/* End PBXFileReference section */

/* Begin PBXFileSystemSynchronizedBuildFileExceptionSet section */
		D400000000000000000000AE /* Exceptions for "kurlWidget" folder in "kurlWidgetExtension" target */ = {
			isa = PBXFileSystemSynchronizedBuildFileExceptionSet;
			membershipExceptions = (
				Info.plist,
			);
			target = D400000000000000000000A6 /* kurlWidgetExtension */;
		};
/* End PBXFileSystemSynchronizedBuildFileExceptionSet section */

/* Begin PBXFileSystemSynchronizedRootGroup section */
		D3696C7E2FD48A89006D9F90 /* kurl */ = {
			isa = PBXFileSystemSynchronizedRootGroup;
			path = kurl;
			sourceTree = "<group>";
		};
		D400000000000000000000A2 /* kurlWidget */ = {
			isa = PBXFileSystemSynchronizedRootGroup;
			exceptions = (
				D400000000000000000000AE /* Exceptions for "kurlWidget" folder in "kurlWidgetExtension" target */,
			);
			path = kurlWidget;
			sourceTree = "<group>";
		};
		D500000000000000000000B4 /* kurlUITests */ = {
			isa = PBXFileSystemSynchronizedRootGroup;
			path = kurlUITests;
			sourceTree = "<group>";
		};
/* End PBXFileSystemSynchronizedRootGroup section */

/* Begin PBXFrameworksBuildPhase section */
		BDC0C1888EB74E29D834FDB5 /* Frameworks */ = {
			isa = PBXFrameworksBuildPhase;
			buildActionMask = 2147483647;
			files = (
				C3C9FDE5254137DAB5A65AB0 /* Foundation.framework in Frameworks */,
				C3BF9305E467C9F295C69974 /* SnapshotTesting in Frameworks */,
			);
			runOnlyForDeploymentPostprocessing = 0;
		};
		D3696C792FD48A89006D9F90 /* Frameworks */ = {
			isa = PBXFrameworksBuildPhase;
			buildActionMask = 2147483647;
			files = (
			);
			runOnlyForDeploymentPostprocessing = 0;
		};
		D400000000000000000000A4 /* Frameworks */ = {
			isa = PBXFrameworksBuildPhase;
			buildActionMask = 2147483647;
			files = (
			);
			runOnlyForDeploymentPostprocessing = 0;
		};
		D500000000000000000000B8 /* Frameworks */ = {
			isa = PBXFrameworksBuildPhase;
			buildActionMask = 2147483647;
			files = (
			);
			runOnlyForDeploymentPostprocessing = 0;
		};
/* End PBXFrameworksBuildPhase section */

/* Begin PBXGroup section */
		000D7650E2C1B9AADE9F5506 /* iOS */ = {
			isa = PBXGroup;
			children = (
				39C7AB90AF0314D69BB840C3 /* Foundation.framework */,
			);
			name = iOS;
			sourceTree = "<group>";
		};
		8BC6B003A66B4459134CD8F9 /* Frameworks */ = {
			isa = PBXGroup;
			children = (
				000D7650E2C1B9AADE9F5506 /* iOS */,
			);
			name = Frameworks;
			sourceTree = "<group>";
		};
		D3696C732FD48A89006D9F90 = {
			isa = PBXGroup;
			children = (
				D3696C7E2FD48A89006D9F90 /* kurl */,
				D400000000000000000000A2 /* kurlWidget */,
				D500000000000000000000B4 /* kurlUITests */,
				D3696C7D2FD48A89006D9F90 /* Products */,
				8BC6B003A66B4459134CD8F9 /* Frameworks */,
				E9FEEA2BA22342C871A72312 /* kurlTests */,
			);
			sourceTree = "<group>";
		};
		D3696C7D2FD48A89006D9F90 /* Products */ = {
			isa = PBXGroup;
			children = (
				D3696C7C2FD48A89006D9F90 /* kurl.app */,
				D400000000000000000000A1 /* kurlWidgetExtension.appex */,
				D500000000000000000000B1 /* kurlUITests.xctest */,
				5226FDED204BF66D262A0C1D /* kurlTests.xctest */,
			);
			name = Products;
			sourceTree = "<group>";
		};
		E9FEEA2BA22342C871A72312 /* kurlTests */ = {
			isa = PBXGroup;
			children = (
				479E161D9E2882B60F5B2EA3 /* SnapshotSamplesTests.swift */,
				AB10CE11F0A1B2C3D4E5F602 /* TableMarkdownTests.swift */,
				AB10CE11F0A1B2C3D4E5F612 /* LikeStoreTests.swift */,
				DEF2000000000000000000A2 /* WriteV2RoundTripTests.swift */,
				DEF2000000000000000000B2 /* WriteV2FocusEngineTests.swift */,
				DEF2000000000000000000C2 /* InlineImageMarkdownTests.swift */,
			);
			path = kurlTests;
			sourceTree = "<group>";
		};
/* End PBXGroup section */

/* Begin PBXNativeTarget section */
		2A8089AAE8A270D01EC4791A /* kurlTests */ = {
			isa = PBXNativeTarget;
			buildConfigurationList = 265691AE948B4F88D5A84DEF /* Build configuration list for PBXNativeTarget "kurlTests" */;
			buildPhases = (
				7E75AB7D91A3C36F9C33792E /* Sources */,
				BDC0C1888EB74E29D834FDB5 /* Frameworks */,
				BADD00CA80736F655ABF0F91 /* Resources */,
			);
			buildRules = (
			);
			dependencies = (
				A5768BB5B4985160AD088624 /* PBXTargetDependency */,
			);
			name = kurlTests;
			packageProductDependencies = (
				866D5741CA182CC42D365DD5 /* SnapshotTesting */,
			);
			productName = kurlTests;
			productReference = 5226FDED204BF66D262A0C1D /* kurlTests.xctest */;
			productType = "com.apple.product-type.bundle.unit-test";
		};
		D3696C7B2FD48A89006D9F90 /* kurl */ = {
			isa = PBXNativeTarget;
			buildConfigurationList = D3696C872FD48A8B006D9F90 /* Build configuration list for PBXNativeTarget "kurl" */;
			buildPhases = (
				D3696C782FD48A89006D9F90 /* Sources */,
				D3696C792FD48A89006D9F90 /* Frameworks */,
				D3696C7A2FD48A89006D9F90 /* Resources */,
				D400000000000000000000AD /* Embed Foundation Extensions */,
			);
			buildRules = (
			);
			dependencies = (
				D400000000000000000000AB /* PBXTargetDependency */,
			);
			fileSystemSynchronizedGroups = (
				D3696C7E2FD48A89006D9F90 /* kurl */,
			);
			name = kurl;
			productName = kurl;
			productReference = D3696C7C2FD48A89006D9F90 /* kurl.app */;
			productType = "com.apple.product-type.application";
		};
		D400000000000000000000A6 /* kurlWidgetExtension */ = {
			isa = PBXNativeTarget;
			buildConfigurationList = D400000000000000000000A7 /* Build configuration list for PBXNativeTarget "kurlWidgetExtension" */;
			buildPhases = (
				D400000000000000000000A3 /* Sources */,
				D400000000000000000000A4 /* Frameworks */,
				D400000000000000000000A5 /* Resources */,
			);
			buildRules = (
			);
			dependencies = (
			);
			fileSystemSynchronizedGroups = (
				D400000000000000000000A2 /* kurlWidget */,
			);
			name = kurlWidgetExtension;
			productName = kurlWidgetExtension;
			productReference = D400000000000000000000A1 /* kurlWidgetExtension.appex */;
			productType = "com.apple.product-type.app-extension";
		};
		D500000000000000000000B5 /* kurlUITests */ = {
			isa = PBXNativeTarget;
			buildConfigurationList = D500000000000000000000B6 /* Build configuration list for PBXNativeTarget "kurlUITests" */;
			buildPhases = (
				D500000000000000000000B7 /* Sources */,
				D500000000000000000000B8 /* Frameworks */,
				D500000000000000000000B9 /* Resources */,
			);
			buildRules = (
			);
			dependencies = (
				D500000000000000000000B3 /* PBXTargetDependency */,
			);
			fileSystemSynchronizedGroups = (
				D500000000000000000000B4 /* kurlUITests */,
			);
			name = kurlUITests;
			productName = kurlUITests;
			productReference = D500000000000000000000B1 /* kurlUITests.xctest */;
			productType = "com.apple.product-type.bundle.ui-testing";
		};
/* End PBXNativeTarget section */

/* Begin PBXProject section */
		D3696C742FD48A89006D9F90 /* Project object */ = {
			isa = PBXProject;
			attributes = {
				BuildIndependentTargetsInParallel = 1;
				LastSwiftUpdateCheck = 2600;
				LastUpgradeCheck = 2600;
				TargetAttributes = {
					D3696C7B2FD48A89006D9F90 = {
						CreatedOnToolsVersion = 26.0.1;
					};
					D400000000000000000000A6 = {
						CreatedOnToolsVersion = 26.0.1;
					};
					D500000000000000000000B5 = {
						CreatedOnToolsVersion = 26.0.1;
						TestTargetID = D3696C7B2FD48A89006D9F90;
					};
				};
			};
			buildConfigurationList = D3696C772FD48A89006D9F90 /* Build configuration list for PBXProject "kurl" */;
			developmentRegion = ko;
			hasScannedForEncodings = 0;
			knownRegions = (
				en,
				ja,
				ko,
				vi,
				hi,
				Base,
			);
			mainGroup = D3696C732FD48A89006D9F90;
			minimizedProjectReferenceProxies = 1;
			packageReferences = (
				D4ECD9E0695008F890684813 /* XCRemoteSwiftPackageReference "swift-snapshot-testing" */,
			);
			preferredProjectObjectVersion = 77;
			productRefGroup = D3696C7D2FD48A89006D9F90 /* Products */;
			projectDirPath = "";
			projectRoot = "";
			targets = (
				D3696C7B2FD48A89006D9F90 /* kurl */,
				D400000000000000000000A6 /* kurlWidgetExtension */,
				D500000000000000000000B5 /* kurlUITests */,
				2A8089AAE8A270D01EC4791A /* kurlTests */,
			);
		};
/* End PBXProject section */

/* Begin PBXResourcesBuildPhase section */
		BADD00CA80736F655ABF0F91 /* Resources */ = {
			isa = PBXResourcesBuildPhase;
			buildActionMask = 2147483647;
			files = (
			);
			runOnlyForDeploymentPostprocessing = 0;
		};
		D3696C7A2FD48A89006D9F90 /* Resources */ = {
			isa = PBXResourcesBuildPhase;
			buildActionMask = 2147483647;
			files = (
			);
			runOnlyForDeploymentPostprocessing = 0;
		};
		D400000000000000000000A5 /* Resources */ = {
			isa = PBXResourcesBuildPhase;
			buildActionMask = 2147483647;
			files = (
			);
			runOnlyForDeploymentPostprocessing = 0;
		};
		D500000000000000000000B9 /* Resources */ = {
			isa = PBXResourcesBuildPhase;
			buildActionMask = 2147483647;
			files = (
			);
			runOnlyForDeploymentPostprocessing = 0;
		};
/* End PBXResourcesBuildPhase section */

/* Begin PBXSourcesBuildPhase section */
		7E75AB7D91A3C36F9C33792E /* Sources */ = {
			isa = PBXSourcesBuildPhase;
			buildActionMask = 2147483647;
			files = (
				04147625300C869C640ADAC5 /* SnapshotSamplesTests.swift in Sources */,
				AB10CE11F0A1B2C3D4E5F601 /* TableMarkdownTests.swift in Sources */,
				AB10CE11F0A1B2C3D4E5F611 /* LikeStoreTests.swift in Sources */,
				DEF2000000000000000000A1 /* WriteV2RoundTripTests.swift in Sources */,
				DEF2000000000000000000B1 /* WriteV2FocusEngineTests.swift in Sources */,
				DEF2000000000000000000C1 /* InlineImageMarkdownTests.swift in Sources */,
			);
			runOnlyForDeploymentPostprocessing = 0;
		};
		D3696C782FD48A89006D9F90 /* Sources */ = {
			isa = PBXSourcesBuildPhase;
			buildActionMask = 2147483647;
			files = (
			);
			runOnlyForDeploymentPostprocessing = 0;
		};
		D400000000000000000000A3 /* Sources */ = {
			isa = PBXSourcesBuildPhase;
			buildActionMask = 2147483647;
			files = (
			);
			runOnlyForDeploymentPostprocessing = 0;
		};
		D500000000000000000000B7 /* Sources */ = {
			isa = PBXSourcesBuildPhase;
			buildActionMask = 2147483647;
			files = (
			);
			runOnlyForDeploymentPostprocessing = 0;
		};
/* End PBXSourcesBuildPhase section */

/* Begin PBXTargetDependency section */
		A5768BB5B4985160AD088624 /* PBXTargetDependency */ = {
			isa = PBXTargetDependency;
			name = kurl;
			target = D3696C7B2FD48A89006D9F90 /* kurl */;
			targetProxy = C16E2BA59829912412AA4923 /* PBXContainerItemProxy */;
		};
		D400000000000000000000AB /* PBXTargetDependency */ = {
			isa = PBXTargetDependency;
			target = D400000000000000000000A6 /* kurlWidgetExtension */;
			targetProxy = D400000000000000000000AA /* PBXContainerItemProxy */;
		};
		D500000000000000000000B3 /* PBXTargetDependency */ = {
			isa = PBXTargetDependency;
			target = D3696C7B2FD48A89006D9F90 /* kurl */;
			targetProxy = D500000000000000000000B2 /* PBXContainerItemProxy */;
		};
/* End PBXTargetDependency section */

/* Begin XCBuildConfiguration section */
		804272E4D3D419EFE0046DA5 /* Debug */ = {
			isa = XCBuildConfiguration;
			buildSettings = {
				BUNDLE_LOADER = "$(TEST_HOST)";
				CLANG_ENABLE_OBJC_WEAK = NO;
				CODE_SIGN_STYLE = Automatic;
				DEVELOPMENT_TEAM = 5R78H9H4YU;
				GENERATE_INFOPLIST_FILE = YES;
				IPHONEOS_DEPLOYMENT_TARGET = 26.0;
				PRODUCT_BUNDLE_IDENTIFIER = focustime.kurlTests;
				PRODUCT_NAME = "$(TARGET_NAME)";
				SDKROOT = iphoneos;
				SWIFT_VERSION = 5.0;
				TEST_HOST = "$(BUILT_PRODUCTS_DIR)/kurl.app/$(BUNDLE_EXECUTABLE_FOLDER_PATH)kurl";
			};
			name = Debug;
		};
		D3696C852FD48A8B006D9F90 /* Debug */ = {
			isa = XCBuildConfiguration;
			buildSettings = {
				ALWAYS_SEARCH_USER_PATHS = NO;
				ASSETCATALOG_COMPILER_GENERATE_SWIFT_ASSET_SYMBOL_EXTENSIONS = YES;
				CLANG_ANALYZER_NONNULL = YES;
				CLANG_ANALYZER_NUMBER_OBJECT_CONVERSION = YES_AGGRESSIVE;
				CLANG_CXX_LANGUAGE_STANDARD = "gnu++20";
				CLANG_ENABLE_MODULES = YES;
				CLANG_ENABLE_OBJC_ARC = YES;
				CLANG_ENABLE_OBJC_WEAK = YES;
				CLANG_WARN_BLOCK_CAPTURE_AUTORELEASING = YES;
				CLANG_WARN_BOOL_CONVERSION = YES;
				CLANG_WARN_COMMA = YES;
				CLANG_WARN_CONSTANT_CONVERSION = YES;
				CLANG_WARN_DEPRECATED_OBJC_IMPLEMENTATIONS = YES;
				CLANG_WARN_DIRECT_OBJC_ISA_USAGE = YES_ERROR;
				CLANG_WARN_DOCUMENTATION_COMMENTS = YES;
				CLANG_WARN_EMPTY_BODY = YES;
				CLANG_WARN_ENUM_CONVERSION = YES;
				CLANG_WARN_INFINITE_RECURSION = YES;
				CLANG_WARN_INT_CONVERSION = YES;
				CLANG_WARN_NON_LITERAL_NULL_CONVERSION = YES;
				CLANG_WARN_OBJC_IMPLICIT_RETAIN_SELF = YES;
				CLANG_WARN_OBJC_LITERAL_CONVERSION = YES;
				CLANG_WARN_OBJC_ROOT_CLASS = YES_ERROR;
				CLANG_WARN_QUOTED_INCLUDE_IN_FRAMEWORK_HEADER = YES;
				CLANG_WARN_RANGE_LOOP_ANALYSIS = YES;
				CLANG_WARN_STRICT_PROTOTYPES = YES;
				CLANG_WARN_SUSPICIOUS_MOVE = YES;
				CLANG_WARN_UNGUARDED_AVAILABILITY = YES_AGGRESSIVE;
				CLANG_WARN_UNREACHABLE_CODE = YES;
				CLANG_WARN__DUPLICATE_METHOD_MATCH = YES;
				COPY_PHASE_STRIP = NO;
				DEBUG_INFORMATION_FORMAT = dwarf;
				DEVELOPMENT_TEAM = 5R78H9H4YU;
				ENABLE_STRICT_OBJC_MSGSEND = YES;
				ENABLE_TESTABILITY = YES;
				ENABLE_USER_SCRIPT_SANDBOXING = YES;
				GCC_C_LANGUAGE_STANDARD = gnu17;
				GCC_DYNAMIC_NO_PIC = NO;
				GCC_NO_COMMON_BLOCKS = YES;
				GCC_OPTIMIZATION_LEVEL = 0;
				GCC_PREPROCESSOR_DEFINITIONS = (
					"DEBUG=1",
					"$(inherited)",
				);
				GCC_WARN_64_TO_32_BIT_CONVERSION = YES;
				GCC_WARN_ABOUT_RETURN_TYPE = YES_ERROR;
				GCC_WARN_UNDECLARED_SELECTOR = YES;
				GCC_WARN_UNINITIALIZED_AUTOS = YES_AGGRESSIVE;
				GCC_WARN_UNUSED_FUNCTION = YES;
				GCC_WARN_UNUSED_VARIABLE = YES;
				IPHONEOS_DEPLOYMENT_TARGET = 26.0;
				LOCALIZATION_PREFERS_STRING_CATALOGS = YES;
				MTL_ENABLE_DEBUG_INFO = INCLUDE_SOURCE;
				MTL_FAST_MATH = YES;
				ONLY_ACTIVE_ARCH = YES;
				SDKROOT = iphoneos;
				SWIFT_ACTIVE_COMPILATION_CONDITIONS = "DEBUG $(inherited)";
				SWIFT_OPTIMIZATION_LEVEL = "-Onone";
			};
			name = Debug;
		};
		D3696C862FD48A8B006D9F90 /* Release */ = {
			isa = XCBuildConfiguration;
			buildSettings = {
				ALWAYS_SEARCH_USER_PATHS = NO;
				ASSETCATALOG_COMPILER_GENERATE_SWIFT_ASSET_SYMBOL_EXTENSIONS = YES;
				CLANG_ANALYZER_NONNULL = YES;
				CLANG_ANALYZER_NUMBER_OBJECT_CONVERSION = YES_AGGRESSIVE;
				CLANG_CXX_LANGUAGE_STANDARD = "gnu++20";
				CLANG_ENABLE_MODULES = YES;
				CLANG_ENABLE_OBJC_ARC = YES;
				CLANG_ENABLE_OBJC_WEAK = YES;
				CLANG_WARN_BLOCK_CAPTURE_AUTORELEASING = YES;
				CLANG_WARN_BOOL_CONVERSION = YES;
				CLANG_WARN_COMMA = YES;
				CLANG_WARN_CONSTANT_CONVERSION = YES;
				CLANG_WARN_DEPRECATED_OBJC_IMPLEMENTATIONS = YES;
				CLANG_WARN_DIRECT_OBJC_ISA_USAGE = YES_ERROR;
				CLANG_WARN_DOCUMENTATION_COMMENTS = YES;
				CLANG_WARN_EMPTY_BODY = YES;
				CLANG_WARN_ENUM_CONVERSION = YES;
				CLANG_WARN_INFINITE_RECURSION = YES;
				CLANG_WARN_INT_CONVERSION = YES;
				CLANG_WARN_NON_LITERAL_NULL_CONVERSION = YES;
				CLANG_WARN_OBJC_IMPLICIT_RETAIN_SELF = YES;
				CLANG_WARN_OBJC_LITERAL_CONVERSION = YES;
				CLANG_WARN_OBJC_ROOT_CLASS = YES_ERROR;
				CLANG_WARN_QUOTED_INCLUDE_IN_FRAMEWORK_HEADER = YES;
				CLANG_WARN_RANGE_LOOP_ANALYSIS = YES;
				CLANG_WARN_STRICT_PROTOTYPES = YES;
				CLANG_WARN_SUSPICIOUS_MOVE = YES;
				CLANG_WARN_UNGUARDED_AVAILABILITY = YES_AGGRESSIVE;
				CLANG_WARN_UNREACHABLE_CODE = YES;
				CLANG_WARN__DUPLICATE_METHOD_MATCH = YES;
				COPY_PHASE_STRIP = NO;
				DEBUG_INFORMATION_FORMAT = "dwarf-with-dsym";
				DEVELOPMENT_TEAM = 5R78H9H4YU;
				ENABLE_NS_ASSERTIONS = NO;
				ENABLE_STRICT_OBJC_MSGSEND = YES;
				ENABLE_USER_SCRIPT_SANDBOXING = YES;
				GCC_C_LANGUAGE_STANDARD = gnu17;
				GCC_NO_COMMON_BLOCKS = YES;
				GCC_WARN_64_TO_32_BIT_CONVERSION = YES;
				GCC_WARN_ABOUT_RETURN_TYPE = YES_ERROR;
				GCC_WARN_UNDECLARED_SELECTOR = YES;
				GCC_WARN_UNINITIALIZED_AUTOS = YES_AGGRESSIVE;
				GCC_WARN_UNUSED_FUNCTION = YES;
				GCC_WARN_UNUSED_VARIABLE = YES;
				IPHONEOS_DEPLOYMENT_TARGET = 26.0;
				LOCALIZATION_PREFERS_STRING_CATALOGS = YES;
				MTL_ENABLE_DEBUG_INFO = NO;
				MTL_FAST_MATH = YES;
				SDKROOT = iphoneos;
				SWIFT_COMPILATION_MODE = wholemodule;
				VALIDATE_PRODUCT = YES;
			};
			name = Release;
		};
		D3696C882FD48A8B006D9F90 /* Debug */ = {
			isa = XCBuildConfiguration;
			buildSettings = {
				ASSETCATALOG_COMPILER_APPICON_NAME = AppIcon;
				ASSETCATALOG_COMPILER_GLOBAL_ACCENT_COLOR_NAME = AccentColor;
				CODE_SIGN_ENTITLEMENTS = kurl/kurl.entitlements;
				CODE_SIGN_STYLE = Automatic;
				CURRENT_PROJECT_VERSION = 1;
				DEVELOPMENT_TEAM = 5R78H9H4YU;
				ENABLE_PREVIEWS = YES;
				GENERATE_INFOPLIST_FILE = YES;
				INFOPLIST_KEY_ITSAppUsesNonExemptEncryption = NO;
				INFOPLIST_KEY_UIApplicationSceneManifest_Generation = YES;
				INFOPLIST_KEY_UIApplicationSupportsIndirectInputEvents = YES;
				INFOPLIST_KEY_UILaunchStoryboardName = LaunchScreen;
				INFOPLIST_KEY_UISupportedInterfaceOrientations_iPad = "UIInterfaceOrientationPortrait UIInterfaceOrientationPortraitUpsideDown UIInterfaceOrientationLandscapeLeft UIInterfaceOrientationLandscapeRight";
				INFOPLIST_KEY_UISupportedInterfaceOrientations_iPhone = "UIInterfaceOrientationPortrait UIInterfaceOrientationLandscapeLeft UIInterfaceOrientationLandscapeRight";
				LD_RUNPATH_SEARCH_PATHS = (
					"$(inherited)",
					"@executable_path/Frameworks",
				);
				MARKETING_VERSION = 1.0;
				PRODUCT_BUNDLE_IDENTIFIER = focustime.kurl;
				PRODUCT_NAME = "$(TARGET_NAME)";
				STRING_CATALOG_GENERATE_SYMBOLS = YES;
				SWIFT_APPROACHABLE_CONCURRENCY = YES;
				SWIFT_DEFAULT_ACTOR_ISOLATION = MainActor;
				SWIFT_EMIT_LOC_STRINGS = YES;
				SWIFT_UPCOMING_FEATURE_MEMBER_IMPORT_VISIBILITY = YES;
				SWIFT_VERSION = 5.0;
				TARGETED_DEVICE_FAMILY = "1,2";
			};
			name = Debug;
		};
		D3696C892FD48A8B006D9F90 /* Release */ = {
			isa = XCBuildConfiguration;
			buildSettings = {
				ASSETCATALOG_COMPILER_APPICON_NAME = AppIcon;
				ASSETCATALOG_COMPILER_GLOBAL_ACCENT_COLOR_NAME = AccentColor;
				CODE_SIGN_ENTITLEMENTS = kurl/kurl.entitlements;
				CODE_SIGN_STYLE = Automatic;
				CURRENT_PROJECT_VERSION = 1;
				DEVELOPMENT_TEAM = 5R78H9H4YU;
				ENABLE_PREVIEWS = YES;
				GENERATE_INFOPLIST_FILE = YES;
				INFOPLIST_KEY_ITSAppUsesNonExemptEncryption = NO;
				INFOPLIST_KEY_UIApplicationSceneManifest_Generation = YES;
				INFOPLIST_KEY_UIApplicationSupportsIndirectInputEvents = YES;
				INFOPLIST_KEY_UILaunchStoryboardName = LaunchScreen;
				INFOPLIST_KEY_UISupportedInterfaceOrientations_iPad = "UIInterfaceOrientationPortrait UIInterfaceOrientationPortraitUpsideDown UIInterfaceOrientationLandscapeLeft UIInterfaceOrientationLandscapeRight";
				INFOPLIST_KEY_UISupportedInterfaceOrientations_iPhone = "UIInterfaceOrientationPortrait UIInterfaceOrientationLandscapeLeft UIInterfaceOrientationLandscapeRight";
				LD_RUNPATH_SEARCH_PATHS = (
					"$(inherited)",
					"@executable_path/Frameworks",
				);
				MARKETING_VERSION = 1.0;
				PRODUCT_BUNDLE_IDENTIFIER = focustime.kurl;
				PRODUCT_NAME = "$(TARGET_NAME)";
				STRING_CATALOG_GENERATE_SYMBOLS = YES;
				SWIFT_APPROACHABLE_CONCURRENCY = YES;
				SWIFT_DEFAULT_ACTOR_ISOLATION = MainActor;
				SWIFT_EMIT_LOC_STRINGS = YES;
				SWIFT_UPCOMING_FEATURE_MEMBER_IMPORT_VISIBILITY = YES;
				SWIFT_VERSION = 5.0;
				TARGETED_DEVICE_FAMILY = "1,2";
			};
			name = Release;
		};
		D400000000000000000000A8 /* Debug */ = {
			isa = XCBuildConfiguration;
			buildSettings = {
				CODE_SIGN_ENTITLEMENTS = kurlWidget/kurlWidget.entitlements;
				CODE_SIGN_STYLE = Automatic;
				CURRENT_PROJECT_VERSION = 1;
				DEVELOPMENT_TEAM = 5R78H9H4YU;
				GENERATE_INFOPLIST_FILE = YES;
				INFOPLIST_FILE = kurlWidget/Info.plist;
				INFOPLIST_KEY_CFBundleDisplayName = kurl;
				IPHONEOS_DEPLOYMENT_TARGET = 26.0;
				LD_RUNPATH_SEARCH_PATHS = (
					"$(inherited)",
					"@executable_path/Frameworks",
					"@executable_path/../../Frameworks",
				);
				MARKETING_VERSION = 1.0;
				PRODUCT_BUNDLE_IDENTIFIER = focustime.kurl.widgets;
				PRODUCT_NAME = "$(TARGET_NAME)";
				SKIP_INSTALL = YES;
				SWIFT_EMIT_LOC_STRINGS = YES;
				SWIFT_VERSION = 5.0;
				TARGETED_DEVICE_FAMILY = "1,2";
			};
			name = Debug;
		};
		D400000000000000000000A9 /* Release */ = {
			isa = XCBuildConfiguration;
			buildSettings = {
				CODE_SIGN_ENTITLEMENTS = kurlWidget/kurlWidget.entitlements;
				CODE_SIGN_STYLE = Automatic;
				CURRENT_PROJECT_VERSION = 1;
				DEVELOPMENT_TEAM = 5R78H9H4YU;
				GENERATE_INFOPLIST_FILE = YES;
				INFOPLIST_FILE = kurlWidget/Info.plist;
				INFOPLIST_KEY_CFBundleDisplayName = kurl;
				IPHONEOS_DEPLOYMENT_TARGET = 26.0;
				LD_RUNPATH_SEARCH_PATHS = (
					"$(inherited)",
					"@executable_path/Frameworks",
					"@executable_path/../../Frameworks",
				);
				MARKETING_VERSION = 1.0;
				PRODUCT_BUNDLE_IDENTIFIER = focustime.kurl.widgets;
				PRODUCT_NAME = "$(TARGET_NAME)";
				SKIP_INSTALL = YES;
				SWIFT_EMIT_LOC_STRINGS = YES;
				SWIFT_VERSION = 5.0;
				TARGETED_DEVICE_FAMILY = "1,2";
			};
			name = Release;
		};
		D500000000000000000000BA /* Debug */ = {
			isa = XCBuildConfiguration;
			buildSettings = {
				CODE_SIGN_STYLE = Automatic;
				CURRENT_PROJECT_VERSION = 1;
				DEVELOPMENT_TEAM = 5R78H9H4YU;
				GENERATE_INFOPLIST_FILE = YES;
				IPHONEOS_DEPLOYMENT_TARGET = 26.0;
				MARKETING_VERSION = 1.0;
				PRODUCT_BUNDLE_IDENTIFIER = focustime.kurlUITests;
				PRODUCT_NAME = "$(TARGET_NAME)";
				SWIFT_EMIT_LOC_STRINGS = NO;
				SWIFT_VERSION = 5.0;
				TARGETED_DEVICE_FAMILY = "1,2";
				TEST_TARGET_NAME = kurl;
			};
			name = Debug;
		};
		D500000000000000000000BB /* Release */ = {
			isa = XCBuildConfiguration;
			buildSettings = {
				CODE_SIGN_STYLE = Automatic;
				CURRENT_PROJECT_VERSION = 1;
				DEVELOPMENT_TEAM = 5R78H9H4YU;
				GENERATE_INFOPLIST_FILE = YES;
				IPHONEOS_DEPLOYMENT_TARGET = 26.0;
				MARKETING_VERSION = 1.0;
				PRODUCT_BUNDLE_IDENTIFIER = focustime.kurlUITests;
				PRODUCT_NAME = "$(TARGET_NAME)";
				SWIFT_EMIT_LOC_STRINGS = NO;
				SWIFT_VERSION = 5.0;
				TARGETED_DEVICE_FAMILY = "1,2";
				TEST_TARGET_NAME = kurl;
			};
			name = Release;
		};
		E82B28DB5E25B140AC2394B4 /* Release */ = {
			isa = XCBuildConfiguration;
			buildSettings = {
				BUNDLE_LOADER = "$(TEST_HOST)";
				CLANG_ENABLE_OBJC_WEAK = NO;
				CODE_SIGN_STYLE = Automatic;
				DEVELOPMENT_TEAM = 5R78H9H4YU;
				GENERATE_INFOPLIST_FILE = YES;
				IPHONEOS_DEPLOYMENT_TARGET = 26.0;
				PRODUCT_BUNDLE_IDENTIFIER = focustime.kurlTests;
				PRODUCT_NAME = "$(TARGET_NAME)";
				SDKROOT = iphoneos;
				SWIFT_VERSION = 5.0;
				TEST_HOST = "$(BUILT_PRODUCTS_DIR)/kurl.app/$(BUNDLE_EXECUTABLE_FOLDER_PATH)kurl";
				VALIDATE_PRODUCT = YES;
			};
			name = Release;
		};
/* End XCBuildConfiguration section */

/* Begin XCConfigurationList section */
		265691AE948B4F88D5A84DEF /* Build configuration list for PBXNativeTarget "kurlTests" */ = {
			isa = XCConfigurationList;
			buildConfigurations = (
				E82B28DB5E25B140AC2394B4 /* Release */,
				804272E4D3D419EFE0046DA5 /* Debug */,
			);
			defaultConfigurationIsVisible = 0;
			defaultConfigurationName = Release;
		};
		D3696C772FD48A89006D9F90 /* Build configuration list for PBXProject "kurl" */ = {
			isa = XCConfigurationList;
			buildConfigurations = (
				D3696C852FD48A8B006D9F90 /* Debug */,
				D3696C862FD48A8B006D9F90 /* Release */,
			);
			defaultConfigurationIsVisible = 0;
			defaultConfigurationName = Release;
		};
		D3696C872FD48A8B006D9F90 /* Build configuration list for PBXNativeTarget "kurl" */ = {
			isa = XCConfigurationList;
			buildConfigurations = (
				D3696C882FD48A8B006D9F90 /* Debug */,
				D3696C892FD48A8B006D9F90 /* Release */,
			);
			defaultConfigurationIsVisible = 0;
			defaultConfigurationName = Release;
		};
		D400000000000000000000A7 /* Build configuration list for PBXNativeTarget "kurlWidgetExtension" */ = {
			isa = XCConfigurationList;
			buildConfigurations = (
				D400000000000000000000A8 /* Debug */,
				D400000000000000000000A9 /* Release */,
			);
			defaultConfigurationIsVisible = 0;
			defaultConfigurationName = Release;
		};
		D500000000000000000000B6 /* Build configuration list for PBXNativeTarget "kurlUITests" */ = {
			isa = XCConfigurationList;
			buildConfigurations = (
				D500000000000000000000BA /* Debug */,
				D500000000000000000000BB /* Release */,
			);
			defaultConfigurationIsVisible = 0;
			defaultConfigurationName = Release;
		};
/* End XCConfigurationList section */

/* Begin XCRemoteSwiftPackageReference section */
		D4ECD9E0695008F890684813 /* XCRemoteSwiftPackageReference "swift-snapshot-testing" */ = {
			isa = XCRemoteSwiftPackageReference;
			repositoryURL = "https://github.com/pointfreeco/swift-snapshot-testing";
			requirement = {
				kind = upToNextMajorVersion;
				minimumVersion = 1.17.0;
			};
		};
/* End XCRemoteSwiftPackageReference section */

/* Begin XCSwiftPackageProductDependency section */
		866D5741CA182CC42D365DD5 /* SnapshotTesting */ = {
			isa = XCSwiftPackageProductDependency;
			package = D4ECD9E0695008F890684813 /* XCRemoteSwiftPackageReference "swift-snapshot-testing" */;
			productName = SnapshotTesting;
		};
/* End XCSwiftPackageProductDependency section */
	};
	rootObject = D3696C742FD48A89006D9F90 /* Project object */;
}
